// !$*UTF8*$!
{
	archiveVersion = 1;
	classes = {
	};
	objectVersion = 46;
	objects = {

/* Begin PBXBuildFile section */
		C17AD6A0282C0536F97F6721 /* Pods_cli.framework in Frameworks */ = {isa = PBXBuildFile; fileRef = 49CBE127983671DA00FB3F3A /* Pods_cli.framework */; };
		F110AA871D4421EC008F603A /* UIView.swift in Sources */ = {isa = PBXBuildFile; fileRef = F110AA861D4421EC008F603A /* UIView.swift */; };
		F110AA901D4440F6008F603A /* UILabel.swift in Sources */ = {isa = PBXBuildFile; fileRef = F110AA8F1D4440F6008F603A /* UILabel.swift */; };
		F131A9EB1D3CA0F700B82BB9 /* Notifier.swift in Sources */ = {isa = PBXBuildFile; fileRef = F131A9EA1D3CA0F700B82BB9 /* Notifier.swift */; };
		F131A9F41D3D80C000B82BB9 /* UIColor.swift in Sources */ = {isa = PBXBuildFile; fileRef = F131A9F31D3D80BF00B82BB9 /* UIColor.swift */; };
		F131A9F81D3D95E400B82BB9 /* TabBarController.swift in Sources */ = {isa = PBXBuildFile; fileRef = F131A9F71D3D95E400B82BB9 /* TabBarController.swift */; };
		F131A9FA1D3D970100B82BB9 /* UIViewController.swift in Sources */ = {isa = PBXBuildFile; fileRef = F131A9F91D3D970100B82BB9 /* UIViewController.swift */; };
		F131A9FD1D3DC58C00B82BB9 /* Dancer.swift in Sources */ = {isa = PBXBuildFile; fileRef = F131A9FC1D3DC58C00B82BB9 /* Dancer.swift */; };
		F131AA061D3DCB4E00B82BB9 /* Competition.swift in Sources */ = {isa = PBXBuildFile; fileRef = F131AA051D3DCB4E00B82BB9 /* Competition.swift */; };
		F131AA081D3DD02800B82BB9 /* Event.swift in Sources */ = {isa = PBXBuildFile; fileRef = F131AA071D3DD02800B82BB9 /* Event.swift */; };
		F1460D7F1D336EAB008F5ECF /* CloudKit.framework in Frameworks */ = {isa = PBXBuildFile; fileRef = F1460D7E1D336EAB008F5ECF /* CloudKit.framework */; };
		F15CA9261D3DF45E00B69279 /* String.swift in Sources */ = {isa = PBXBuildFile; fileRef = F15CA9251D3DF45E00B69279 /* String.swift */; };
		F15CA92F1D3DFA4F00B69279 /* DancerVC.swift in Sources */ = {isa = PBXBuildFile; fileRef = F15CA92E1D3DFA4F00B69279 /* DancerVC.swift */; };
		F17762BB1D3FE59E00ACB9A7 /* ImportVC.swift in Sources */ = {isa = PBXBuildFile; fileRef = F17762BA1D3FE59E00ACB9A7 /* ImportVC.swift */; };
		F17762CE1D3FFEAB00ACB9A7 /* ModalPresentationController.swift in Sources */ = {isa = PBXBuildFile; fileRef = F17762CD1D3FFEAB00ACB9A7 /* ModalPresentationController.swift */; };
		F17762D01D3FFEED00ACB9A7 /* ModalAnimationController.swift in Sources */ = {isa = PBXBuildFile; fileRef = F17762CF1D3FFEED00ACB9A7 /* ModalAnimationController.swift */; };
		F17762D21D40290500ACB9A7 /* Spotlight.swift in Sources */ = {isa = PBXBuildFile; fileRef = F17762D11D40290500ACB9A7 /* Spotlight.swift */; };
		F17FA7C21D336D46001B99AF /* AppDelegate.swift in Sources */ = {isa = PBXBuildFile; fileRef = F17FA7C11D336D46001B99AF /* AppDelegate.swift */; };
		F17FA7C41D336D46001B99AF /* ViewController.swift in Sources */ = {isa = PBXBuildFile; fileRef = F17FA7C31D336D46001B99AF /* ViewController.swift */; };
		F17FA7C71D336D46001B99AF /* Main.storyboard in Resources */ = {isa = PBXBuildFile; fileRef = F17FA7C51D336D46001B99AF /* Main.storyboard */; };
		F17FA7C91D336D46001B99AF /* Assets.xcassets in Resources */ = {isa = PBXBuildFile; fileRef = F17FA7C81D336D46001B99AF /* Assets.xcassets */; };
		F17FA7CC1D336D46001B99AF /* LaunchScreen.storyboard in Resources */ = {isa = PBXBuildFile; fileRef = F17FA7CA1D336D46001B99AF /* LaunchScreen.storyboard */; };
		F17FA7D41D336D83001B99AF /* NSPredicate.swift in Sources */ = {isa = PBXBuildFile; fileRef = F17FA7D31D336D83001B99AF /* NSPredicate.swift */; };
		F17FA7D61D336D87001B99AF /* CloudKit.swift in Sources */ = {isa = PBXBuildFile; fileRef = F17FA7D51D336D87001B99AF /* CloudKit.swift */; };
		F17FA7D81D336DB8001B99AF /* WSDC.swift in Sources */ = {isa = PBXBuildFile; fileRef = F17FA7D71D336DB8001B99AF /* WSDC.swift */; };
		F17FA7DA1D336DBE001B99AF /* WebService.swift in Sources */ = {isa = PBXBuildFile; fileRef = F17FA7D91D336DBE001B99AF /* WebService.swift */; };
		F17FA7DC1D336DC3001B99AF /* JSON.swift in Sources */ = {isa = PBXBuildFile; fileRef = F17FA7DB1D336DC3001B99AF /* JSON.swift */; };
		F17FA7DE1D336DC8001B99AF /* Operation.swift in Sources */ = {isa = PBXBuildFile; fileRef = F17FA7DD1D336DC8001B99AF /* Operation.swift */; };
		F17FA7E01D336DCE001B99AF /* NSDate.swift in Sources */ = {isa = PBXBuildFile; fileRef = F17FA7DF1D336DCE001B99AF /* NSDate.swift */; };
		F17FA7E21D336DD3001B99AF /* NSURL.swift in Sources */ = {isa = PBXBuildFile; fileRef = F17FA7E11D336DD3001B99AF /* NSURL.swift */; };
		F17FA7E41D336DD7001B99AF /* NSMutableURLRequest.swift in Sources */ = {isa = PBXBuildFile; fileRef = F17FA7E31D336DD7001B99AF /* NSMutableURLRequest.swift */; };
		F18C97E51D338F9700C18052 /* misc.swift in Sources */ = {isa = PBXBuildFile; fileRef = F18C97DE1D338F9700C18052 /* misc.swift */; };
		F18C97E61D338F9700C18052 /* NSDataCasters.swift in Sources */ = {isa = PBXBuildFile; fileRef = F18C97DF1D338F9700C18052 /* NSDataCasters.swift */; };
		F18C97E71D338F9700C18052 /* operators.swift in Sources */ = {isa = PBXBuildFile; fileRef = F18C97E01D338F9700C18052 /* operators.swift */; };
		F18C97E81D338F9700C18052 /* pack.swift in Sources */ = {isa = PBXBuildFile; fileRef = F18C97E11D338F9700C18052 /* pack.swift */; };
		F18C97E91D338F9700C18052 /* parse.swift in Sources */ = {isa = PBXBuildFile; fileRef = F18C97E21D338F9700C18052 /* parse.swift */; };
		F18C97EA1D338F9700C18052 /* unpack.swift in Sources */ = {isa = PBXBuildFile; fileRef = F18C97E31D338F9700C18052 /* unpack.swift */; };
		F18C97EB1D338F9700C18052 /* YSMessagePack.swift in Sources */ = {isa = PBXBuildFile; fileRef = F18C97E41D338F9700C18052 /* YSMessagePack.swift */; };
		F18C97F01D33907700C18052 /* BZipCompression.m in Sources */ = {isa = PBXBuildFile; fileRef = F18C97EF1D33907700C18052 /* BZipCompression.m */; };
		F18C98121D33983900C18052 /* NSPredicate.swift in Sources */ = {isa = PBXBuildFile; fileRef = F17FA7D31D336D83001B99AF /* NSPredicate.swift */; };
		F19512DE1D38833100EDC276 /* WSDCGetOperation.swift in Sources */ = {isa = PBXBuildFile; fileRef = F19512DD1D38833100EDC276 /* WSDCGetOperation.swift */; };
		F19512DF1D38880600EDC276 /* BZipCompression.h in Sources */ = {isa = PBXBuildFile; fileRef = F18C97EE1D33907700C18052 /* BZipCompression.h */; };
		F19512E01D38880600EDC276 /* BZipCompression.m in Sources */ = {isa = PBXBuildFile; fileRef = F18C97EF1D33907700C18052 /* BZipCompression.m */; };
		F19512E21D3899C100EDC276 /* Swift.swift in Sources */ = {isa = PBXBuildFile; fileRef = F19512E11D3899C100EDC276 /* Swift.swift */; };
		F19512E51D38B3C200EDC276 /* Dump.swift in Sources */ = {isa = PBXBuildFile; fileRef = F19512E41D38B3C200EDC276 /* Dump.swift */; };
		F19512E81D38B4DD00EDC276 /* Storyboard.storyboard in Resources */ = {isa = PBXBuildFile; fileRef = F19512E71D38B4DC00EDC276 /* Storyboard.storyboard */; };
		F19512F11D38D6AB00EDC276 /* DumpVC.swift in Sources */ = {isa = PBXBuildFile; fileRef = F19512F01D38D6AB00EDC276 /* DumpVC.swift */; };
		F19512F41D394CDB00EDC276 /* WSDCTransformOperation.swift in Sources */ = {isa = PBXBuildFile; fileRef = F19512F31D394CDB00EDC276 /* WSDCTransformOperation.swift */; };
		F1A75C3F1D336F7E0070AAD8 /* amain.swift in Sources */ = {isa = PBXBuildFile; fileRef = F1A75C3E1D336F7E0070AAD8 /* amain.swift */; };
		F1A75C4C1D33784C0070AAD8 /* main.swift in Sources */ = {isa = PBXBuildFile; fileRef = F1A75C4B1D33784C0070AAD8 /* main.swift */; };
		F1A75C501D3378760070AAD8 /* WSDC.swift in Sources */ = {isa = PBXBuildFile; fileRef = F17FA7D71D336DB8001B99AF /* WSDC.swift */; };
		F1A75C511D3378760070AAD8 /* Operation.swift in Sources */ = {isa = PBXBuildFile; fileRef = F17FA7DD1D336DC8001B99AF /* Operation.swift */; };
		F1A75C521D33787C0070AAD8 /* JSON.swift in Sources */ = {isa = PBXBuildFile; fileRef = F17FA7DB1D336DC3001B99AF /* JSON.swift */; };
		F1A75C531D3378830070AAD8 /* NSDate.swift in Sources */ = {isa = PBXBuildFile; fileRef = F17FA7DF1D336DCE001B99AF /* NSDate.swift */; };
		F1A75C541D3378900070AAD8 /* CloudKit.swift in Sources */ = {isa = PBXBuildFile; fileRef = F17FA7D51D336D87001B99AF /* CloudKit.swift */; };
		F1A75C551D3378970070AAD8 /* WebService.swift in Sources */ = {isa = PBXBuildFile; fileRef = F17FA7D91D336DBE001B99AF /* WebService.swift */; };
		F1A75C561D33789E0070AAD8 /* NSMutableURLRequest.swift in Sources */ = {isa = PBXBuildFile; fileRef = F17FA7E31D336DD7001B99AF /* NSMutableURLRequest.swift */; };
		F1A75C5A1D337E810070AAD8 /* acompetitors.data in Resources */ = {isa = PBXBuildFile; fileRef = F1A75C591D337E810070AAD8 /* acompetitors.data */; };
		F1A9E0191D46B393001A80BF /* Constant.swift in Sources */ = {isa = PBXBuildFile; fileRef = F1A9E0151D46B393001A80BF /* Constant.swift */; };
		F1A9E01A1D46B393001A80BF /* String+ITDAvatarPlaceholder.swift in Sources */ = {isa = PBXBuildFile; fileRef = F1A9E0161D46B393001A80BF /* String+ITDAvatarPlaceholder.swift */; };
		F1A9E01B1D46B393001A80BF /* UIColor+ITDAvatarPlaceholder.swift in Sources */ = {isa = PBXBuildFile; fileRef = F1A9E0171D46B393001A80BF /* UIColor+ITDAvatarPlaceholder.swift */; };
		F1A9E01C1D46B393001A80BF /* UIImage+ITDAvatarPlaceholder.swift in Sources */ = {isa = PBXBuildFile; fileRef = F1A9E0181D46B393001A80BF /* UIImage+ITDAvatarPlaceholder.swift */; };
		F1AB6D4F1D406AFB00642EAE /* Maps.swift in Sources */ = {isa = PBXBuildFile; fileRef = F1AB6D4E1D406AFB00642EAE /* Maps.swift */; };
		F1BB63141D3C1D2A00A1CC9D /* UITableView.swift in Sources */ = {isa = PBXBuildFile; fileRef = F1BB63131D3C1D2A00A1CC9D /* UITableView.swift */; };
		F1BB63181D3C359E00A1CC9D /* NSURLRequest.swift in Sources */ = {isa = PBXBuildFile; fileRef = F1BB63171D3C359E00A1CC9D /* NSURLRequest.swift */; };
		F1DDF9751D39B6C800EEB426 /* Points.swift in Sources */ = {isa = PBXBuildFile; fileRef = F1DDF9741D39B6C800EEB426 /* Points.swift */; };
		F1DDF9811D3B1ECD00EEB426 /* NSData.swift in Sources */ = {isa = PBXBuildFile; fileRef = F1DDF9801D3B1ECD00EEB426 /* NSData.swift */; };
		F1DDF98A1D3B7CA800EEB426 /* NSError.swift in Sources */ = {isa = PBXBuildFile; fileRef = F1DDF9891D3B7CA800EEB426 /* NSError.swift */; };
		F1DDF98C1D3BFE9E00EEB426 /* CloudKitGetDumpOperation.swift in Sources */ = {isa = PBXBuildFile; fileRef = F1DDF98B1D3BFE9E00EEB426 /* CloudKitGetDumpOperation.swift */; };
		F1E27A8B1D467D0600612196 /* Int.swift in Sources */ = {isa = PBXBuildFile; fileRef = F1E27A8A1D467D0600612196 /* Int.swift */; };
		F1EB04361D384147004EEA56 /* Storyboard.swift in Sources */ = {isa = PBXBuildFile; fileRef = F1EB04351D384147004EEA56 /* Storyboard.swift */; };
		F1EB04381D3842EF004EEA56 /* AdminVC.swift in Sources */ = {isa = PBXBuildFile; fileRef = F1EB04371D3842EF004EEA56 /* AdminVC.swift */; };
		F1EB043A1D3843C3004EEA56 /* CompetitorsVC.swift in Sources */ = {isa = PBXBuildFile; fileRef = F1EB04391D3843C3004EEA56 /* CompetitorsVC.swift */; };
		F1EB043D1D3845D8004EEA56 /* Images.swift in Sources */ = {isa = PBXBuildFile; fileRef = F1EB043C1D3845D8004EEA56 /* Images.swift */; };
		F6FBA6C9DB47563C577008A7 /* Pods_Points.framework in Frameworks */ = {isa = PBXBuildFile; fileRef = 457A6E2B9397E7CFA99E9A52 /* Pods_Points.framework */; };
/* End PBXBuildFile section */

/* Begin PBXContainerItemProxy section */
		F18C97FC1D33913200C18052 /* PBXContainerItemProxy */ = {
			isa = PBXContainerItemProxy;
			containerPortal = F18C97F11D33913200C18052 /* Expecta.xcodeproj */;
			proxyType = 2;
			remoteGlobalIDString = 908379791A8B972C009844DA;
			remoteInfo = Expecta;
		};
		F18C97FE1D33913200C18052 /* PBXContainerItemProxy */ = {
			isa = PBXContainerItemProxy;
			containerPortal = F18C97F11D33913200C18052 /* Expecta.xcodeproj */;
			proxyType = 2;
			remoteGlobalIDString = 908379111A8B9660009844DA;
			remoteInfo = "Expecta-iOS";
		};
		F18C98001D33913200C18052 /* PBXContainerItemProxy */ = {
			isa = PBXContainerItemProxy;
			containerPortal = F18C97F11D33913200C18052 /* Expecta.xcodeproj */;
			proxyType = 2;
			remoteGlobalIDString = 3A0A598C1AD4418C003DA3E4;
			remoteInfo = ExpectaTests;
		};
		F18C98021D33913200C18052 /* PBXContainerItemProxy */ = {
			isa = PBXContainerItemProxy;
			containerPortal = F18C97F11D33913200C18052 /* Expecta.xcodeproj */;
			proxyType = 2;
			remoteGlobalIDString = 3A0A59BF1AD441CB003DA3E4;
			remoteInfo = "Expecta-iOSTests";
		};
		F18C98041D33913200C18052 /* PBXContainerItemProxy */ = {
			isa = PBXContainerItemProxy;
			containerPortal = F18C97F11D33913200C18052 /* Expecta.xcodeproj */;
			proxyType = 2;
			remoteGlobalIDString = E9ACDF0C13B2DD520010F4D7;
			remoteInfo = libExpecta;
		};
		F18C98061D33913200C18052 /* PBXContainerItemProxy */ = {
			isa = PBXContainerItemProxy;
			containerPortal = F18C97F11D33913200C18052 /* Expecta.xcodeproj */;
			proxyType = 2;
			remoteGlobalIDString = E93067CE13B2E6D100EA26FF;
			remoteInfo = "libExpecta-iOS";
		};
		F18C98081D33913200C18052 /* PBXContainerItemProxy */ = {
			isa = PBXContainerItemProxy;
			containerPortal = F18C97F11D33913200C18052 /* Expecta.xcodeproj */;
			proxyType = 2;
			remoteGlobalIDString = 9C4416F917FF3F4A00978F09;
			remoteInfo = libExpectaTests;
		};
		F18C980A1D33913200C18052 /* PBXContainerItemProxy */ = {
			isa = PBXContainerItemProxy;
			containerPortal = F18C97F11D33913200C18052 /* Expecta.xcodeproj */;
			proxyType = 2;
			remoteGlobalIDString = E93067DA13B2E6D100EA26FF;
			remoteInfo = "libExpecta-iOSTests";
		};
		F18C98101D3392D700C18052 /* PBXContainerItemProxy */ = {
			isa = PBXContainerItemProxy;
			containerPortal = F18C97F11D33913200C18052 /* Expecta.xcodeproj */;
			proxyType = 1;
			remoteGlobalIDString = 908379781A8B972C009844DA;
			remoteInfo = Expecta;
		};
/* End PBXContainerItemProxy section */

/* Begin PBXCopyFilesBuildPhase section */
		F1A75C471D33784C0070AAD8 /* CopyFiles */ = {
			isa = PBXCopyFilesBuildPhase;
			buildActionMask = 2147483647;
			dstPath = /usr/share/man/man1/;
			dstSubfolderSpec = 0;
			files = (
			);
			runOnlyForDeploymentPostprocessing = 1;
		};
/* End PBXCopyFilesBuildPhase section */

/* Begin PBXFileReference section */
		268143C7AAFB78B856A05F1D /* Pods-cli.debug.xcconfig */ = {isa = PBXFileReference; includeInIndex = 1; lastKnownFileType = text.xcconfig; name = "Pods-cli.debug.xcconfig"; path = "Pods/Target Support Files/Pods-cli/Pods-cli.debug.xcconfig"; sourceTree = "<group>"; };
		2F18B8706C993E3CF2A45991 /* Pods-Points.debug.xcconfig */ = {isa = PBXFileReference; includeInIndex = 1; lastKnownFileType = text.xcconfig; name = "Pods-Points.debug.xcconfig"; path = "Pods/Target Support Files/Pods-Points/Pods-Points.debug.xcconfig"; sourceTree = "<group>"; };
		457A6E2B9397E7CFA99E9A52 /* Pods_Points.framework */ = {isa = PBXFileReference; explicitFileType = wrapper.framework; includeInIndex = 0; path = Pods_Points.framework; sourceTree = BUILT_PRODUCTS_DIR; };
		49CBE127983671DA00FB3F3A /* Pods_cli.framework */ = {isa = PBXFileReference; explicitFileType = wrapper.framework; includeInIndex = 0; path = Pods_cli.framework; sourceTree = BUILT_PRODUCTS_DIR; };
		92FDCCA70C3E77232FDA9F24 /* Pods-Points.release.xcconfig */ = {isa = PBXFileReference; includeInIndex = 1; lastKnownFileType = text.xcconfig; name = "Pods-Points.release.xcconfig"; path = "Pods/Target Support Files/Pods-Points/Pods-Points.release.xcconfig"; sourceTree = "<group>"; };
		B9D07EEAA190B4FBE1F23E4F /* Pods-cli.release.xcconfig */ = {isa = PBXFileReference; includeInIndex = 1; lastKnownFileType = text.xcconfig; name = "Pods-cli.release.xcconfig"; path = "Pods/Target Support Files/Pods-cli/Pods-cli.release.xcconfig"; sourceTree = "<group>"; };
		F110AA861D4421EC008F603A /* UIView.swift */ = {isa = PBXFileReference; fileEncoding = 4; lastKnownFileType = sourcecode.swift; path = UIView.swift; sourceTree = "<group>"; };
		F110AA8F1D4440F6008F603A /* UILabel.swift */ = {isa = PBXFileReference; fileEncoding = 4; lastKnownFileType = sourcecode.swift; path = UILabel.swift; sourceTree = "<group>"; };
		F131A9EA1D3CA0F700B82BB9 /* Notifier.swift */ = {isa = PBXFileReference; fileEncoding = 4; lastKnownFileType = sourcecode.swift; path = Notifier.swift; sourceTree = "<group>"; };
		F131A9F31D3D80BF00B82BB9 /* UIColor.swift */ = {isa = PBXFileReference; fileEncoding = 4; lastKnownFileType = sourcecode.swift; path = UIColor.swift; sourceTree = "<group>"; };
		F131A9F71D3D95E400B82BB9 /* TabBarController.swift */ = {isa = PBXFileReference; fileEncoding = 4; lastKnownFileType = sourcecode.swift; path = TabBarController.swift; sourceTree = "<group>"; };
		F131A9F91D3D970100B82BB9 /* UIViewController.swift */ = {isa = PBXFileReference; fileEncoding = 4; lastKnownFileType = sourcecode.swift; path = UIViewController.swift; sourceTree = "<group>"; };
		F131A9FC1D3DC58C00B82BB9 /* Dancer.swift */ = {isa = PBXFileReference; fileEncoding = 4; lastKnownFileType = sourcecode.swift; path = Dancer.swift; sourceTree = "<group>"; };
		F131AA051D3DCB4E00B82BB9 /* Competition.swift */ = {isa = PBXFileReference; fileEncoding = 4; lastKnownFileType = sourcecode.swift; path = Competition.swift; sourceTree = "<group>"; };
		F131AA071D3DD02800B82BB9 /* Event.swift */ = {isa = PBXFileReference; fileEncoding = 4; lastKnownFileType = sourcecode.swift; path = Event.swift; sourceTree = "<group>"; };
		F1460D7E1D336EAB008F5ECF /* CloudKit.framework */ = {isa = PBXFileReference; lastKnownFileType = wrapper.framework; name = CloudKit.framework; path = System/Library/Frameworks/CloudKit.framework; sourceTree = SDKROOT; };
		F15CA9251D3DF45E00B69279 /* String.swift */ = {isa = PBXFileReference; fileEncoding = 4; lastKnownFileType = sourcecode.swift; path = String.swift; sourceTree = "<group>"; };
		F15CA92E1D3DFA4F00B69279 /* DancerVC.swift */ = {isa = PBXFileReference; fileEncoding = 4; lastKnownFileType = sourcecode.swift; path = DancerVC.swift; sourceTree = "<group>"; };
		F17762BA1D3FE59E00ACB9A7 /* ImportVC.swift */ = {isa = PBXFileReference; fileEncoding = 4; lastKnownFileType = sourcecode.swift; path = ImportVC.swift; sourceTree = "<group>"; };
		F17762CD1D3FFEAB00ACB9A7 /* ModalPresentationController.swift */ = {isa = PBXFileReference; fileEncoding = 4; lastKnownFileType = sourcecode.swift; path = ModalPresentationController.swift; sourceTree = "<group>"; };
		F17762CF1D3FFEED00ACB9A7 /* ModalAnimationController.swift */ = {isa = PBXFileReference; fileEncoding = 4; lastKnownFileType = sourcecode.swift; path = ModalAnimationController.swift; sourceTree = "<group>"; };
		F17762D11D40290500ACB9A7 /* Spotlight.swift */ = {isa = PBXFileReference; fileEncoding = 4; lastKnownFileType = sourcecode.swift; path = Spotlight.swift; sourceTree = "<group>"; };
		F17EEB8D1D33862E00E51C3A /* cli-Bridging-Header.h */ = {isa = PBXFileReference; lastKnownFileType = sourcecode.c.h; path = "cli-Bridging-Header.h"; sourceTree = "<group>"; };
		F17FA7BE1D336D46001B99AF /* Points.app */ = {isa = PBXFileReference; explicitFileType = wrapper.application; includeInIndex = 0; path = Points.app; sourceTree = BUILT_PRODUCTS_DIR; };
		F17FA7C11D336D46001B99AF /* AppDelegate.swift */ = {isa = PBXFileReference; lastKnownFileType = sourcecode.swift; path = AppDelegate.swift; sourceTree = "<group>"; };
		F17FA7C31D336D46001B99AF /* ViewController.swift */ = {isa = PBXFileReference; lastKnownFileType = sourcecode.swift; path = ViewController.swift; sourceTree = "<group>"; };
		F17FA7C61D336D46001B99AF /* Base */ = {isa = PBXFileReference; lastKnownFileType = file.storyboard; name = Base; path = Base.lproj/Main.storyboard; sourceTree = "<group>"; };
		F17FA7C81D336D46001B99AF /* Assets.xcassets */ = {isa = PBXFileReference; lastKnownFileType = folder.assetcatalog; path = Assets.xcassets; sourceTree = "<group>"; };
		F17FA7CB1D336D46001B99AF /* Base */ = {isa = PBXFileReference; lastKnownFileType = file.storyboard; name = Base; path = Base.lproj/LaunchScreen.storyboard; sourceTree = "<group>"; };
		F17FA7CD1D336D46001B99AF /* Info.plist */ = {isa = PBXFileReference; lastKnownFileType = text.plist.xml; path = Info.plist; sourceTree = "<group>"; };
		F17FA7D31D336D83001B99AF /* NSPredicate.swift */ = {isa = PBXFileReference; fileEncoding = 4; lastKnownFileType = sourcecode.swift; path = NSPredicate.swift; sourceTree = "<group>"; };
		F17FA7D51D336D87001B99AF /* CloudKit.swift */ = {isa = PBXFileReference; fileEncoding = 4; lastKnownFileType = sourcecode.swift; path = CloudKit.swift; sourceTree = "<group>"; };
		F17FA7D71D336DB8001B99AF /* WSDC.swift */ = {isa = PBXFileReference; fileEncoding = 4; lastKnownFileType = sourcecode.swift; path = WSDC.swift; sourceTree = "<group>"; };
		F17FA7D91D336DBE001B99AF /* WebService.swift */ = {isa = PBXFileReference; fileEncoding = 4; lastKnownFileType = sourcecode.swift; path = WebService.swift; sourceTree = "<group>"; };
		F17FA7DB1D336DC3001B99AF /* JSON.swift */ = {isa = PBXFileReference; fileEncoding = 4; lastKnownFileType = sourcecode.swift; path = JSON.swift; sourceTree = "<group>"; };
		F17FA7DD1D336DC8001B99AF /* Operation.swift */ = {isa = PBXFileReference; fileEncoding = 4; lastKnownFileType = sourcecode.swift; path = Operation.swift; sourceTree = "<group>"; };
		F17FA7DF1D336DCE001B99AF /* NSDate.swift */ = {isa = PBXFileReference; fileEncoding = 4; lastKnownFileType = sourcecode.swift; path = NSDate.swift; sourceTree = "<group>"; };
		F17FA7E11D336DD3001B99AF /* NSURL.swift */ = {isa = PBXFileReference; fileEncoding = 4; lastKnownFileType = sourcecode.swift; path = NSURL.swift; sourceTree = "<group>"; };
		F17FA7E31D336DD7001B99AF /* NSMutableURLRequest.swift */ = {isa = PBXFileReference; fileEncoding = 4; lastKnownFileType = sourcecode.swift; path = NSMutableURLRequest.swift; sourceTree = "<group>"; };
		F17FA7E51D336DEE001B99AF /* Points.entitlements */ = {isa = PBXFileReference; lastKnownFileType = text.xml; path = Points.entitlements; sourceTree = "<group>"; };
		F18C97DE1D338F9700C18052 /* misc.swift */ = {isa = PBXFileReference; fileEncoding = 4; lastKnownFileType = sourcecode.swift; path = misc.swift; sourceTree = "<group>"; };
		F18C97DF1D338F9700C18052 /* NSDataCasters.swift */ = {isa = PBXFileReference; fileEncoding = 4; lastKnownFileType = sourcecode.swift; path = NSDataCasters.swift; sourceTree = "<group>"; };
		F18C97E01D338F9700C18052 /* operators.swift */ = {isa = PBXFileReference; fileEncoding = 4; lastKnownFileType = sourcecode.swift; path = operators.swift; sourceTree = "<group>"; };
		F18C97E11D338F9700C18052 /* pack.swift */ = {isa = PBXFileReference; fileEncoding = 4; lastKnownFileType = sourcecode.swift; path = pack.swift; sourceTree = "<group>"; };
		F18C97E21D338F9700C18052 /* parse.swift */ = {isa = PBXFileReference; fileEncoding = 4; lastKnownFileType = sourcecode.swift; path = parse.swift; sourceTree = "<group>"; };
		F18C97E31D338F9700C18052 /* unpack.swift */ = {isa = PBXFileReference; fileEncoding = 4; lastKnownFileType = sourcecode.swift; path = unpack.swift; sourceTree = "<group>"; };
		F18C97E41D338F9700C18052 /* YSMessagePack.swift */ = {isa = PBXFileReference; fileEncoding = 4; lastKnownFileType = sourcecode.swift; path = YSMessagePack.swift; sourceTree = "<group>"; };
		F18C97EE1D33907700C18052 /* BZipCompression.h */ = {isa = PBXFileReference; fileEncoding = 4; lastKnownFileType = sourcecode.c.h; path = BZipCompression.h; sourceTree = "<group>"; };
		F18C97EF1D33907700C18052 /* BZipCompression.m */ = {isa = PBXFileReference; fileEncoding = 4; lastKnownFileType = sourcecode.c.objc; path = BZipCompression.m; sourceTree = "<group>"; };
		F18C97F11D33913200C18052 /* Expecta.xcodeproj */ = {isa = PBXFileReference; lastKnownFileType = "wrapper.pb-project"; name = Expecta.xcodeproj; path = Frameworks/expecta/Expecta.xcodeproj; sourceTree = "<group>"; };
		F19512DD1D38833100EDC276 /* WSDCGetOperation.swift */ = {isa = PBXFileReference; fileEncoding = 4; lastKnownFileType = sourcecode.swift; path = WSDCGetOperation.swift; sourceTree = "<group>"; };
		F19512E11D3899C100EDC276 /* Swift.swift */ = {isa = PBXFileReference; fileEncoding = 4; lastKnownFileType = sourcecode.swift; path = Swift.swift; sourceTree = "<group>"; };
		F19512E41D38B3C200EDC276 /* Dump.swift */ = {isa = PBXFileReference; fileEncoding = 4; lastKnownFileType = sourcecode.swift; path = Dump.swift; sourceTree = "<group>"; };
		F19512E71D38B4DC00EDC276 /* Storyboard.storyboard */ = {isa = PBXFileReference; fileEncoding = 4; lastKnownFileType = file.storyboard; path = Storyboard.storyboard; sourceTree = "<group>"; };
		F19512F01D38D6AB00EDC276 /* DumpVC.swift */ = {isa = PBXFileReference; fileEncoding = 4; lastKnownFileType = sourcecode.swift; path = DumpVC.swift; sourceTree = "<group>"; };
		F19512F31D394CDB00EDC276 /* WSDCTransformOperation.swift */ = {isa = PBXFileReference; fileEncoding = 4; lastKnownFileType = sourcecode.swift; path = WSDCTransformOperation.swift; sourceTree = "<group>"; };
		F1A75C3E1D336F7E0070AAD8 /* amain.swift */ = {isa = PBXFileReference; fileEncoding = 4; lastKnownFileType = sourcecode.swift; path = amain.swift; sourceTree = "<group>"; };
		F1A75C421D3374670070AAD8 /* Points-Bridging-Header.h */ = {isa = PBXFileReference; lastKnownFileType = sourcecode.c.h; path = "Points-Bridging-Header.h"; sourceTree = "<group>"; };
		F1A75C491D33784C0070AAD8 /* cli */ = {isa = PBXFileReference; explicitFileType = "compiled.mach-o.executable"; includeInIndex = 0; path = cli; sourceTree = BUILT_PRODUCTS_DIR; };
		F1A75C4B1D33784C0070AAD8 /* main.swift */ = {isa = PBXFileReference; lastKnownFileType = sourcecode.swift; path = main.swift; sourceTree = "<group>"; };
		F1A75C591D337E810070AAD8 /* acompetitors.data */ = {isa = PBXFileReference; fileEncoding = 4; lastKnownFileType = text; path = acompetitors.data; sourceTree = "<group>"; };
		F1A9E0151D46B393001A80BF /* Constant.swift */ = {isa = PBXFileReference; fileEncoding = 4; lastKnownFileType = sourcecode.swift; path = Constant.swift; sourceTree = "<group>"; };
		F1A9E0161D46B393001A80BF /* String+ITDAvatarPlaceholder.swift */ = {isa = PBXFileReference; fileEncoding = 4; lastKnownFileType = sourcecode.swift; path = "String+ITDAvatarPlaceholder.swift"; sourceTree = "<group>"; };
		F1A9E0171D46B393001A80BF /* UIColor+ITDAvatarPlaceholder.swift */ = {isa = PBXFileReference; fileEncoding = 4; lastKnownFileType = sourcecode.swift; path = "UIColor+ITDAvatarPlaceholder.swift"; sourceTree = "<group>"; };
		F1A9E0181D46B393001A80BF /* UIImage+ITDAvatarPlaceholder.swift */ = {isa = PBXFileReference; fileEncoding = 4; lastKnownFileType = sourcecode.swift; path = "UIImage+ITDAvatarPlaceholder.swift"; sourceTree = "<group>"; };
		F1AB6D4E1D406AFB00642EAE /* Maps.swift */ = {isa = PBXFileReference; fileEncoding = 4; lastKnownFileType = sourcecode.swift; path = Maps.swift; sourceTree = "<group>"; };
		F1BB63131D3C1D2A00A1CC9D /* UITableView.swift */ = {isa = PBXFileReference; fileEncoding = 4; lastKnownFileType = sourcecode.swift; path = UITableView.swift; sourceTree = "<group>"; };
		F1BB63171D3C359E00A1CC9D /* NSURLRequest.swift */ = {isa = PBXFileReference; fileEncoding = 4; lastKnownFileType = sourcecode.swift; path = NSURLRequest.swift; sourceTree = "<group>"; };
		F1DDF9741D39B6C800EEB426 /* Points.swift */ = {isa = PBXFileReference; fileEncoding = 4; lastKnownFileType = sourcecode.swift; path = Points.swift; sourceTree = "<group>"; };
		F1DDF9801D3B1ECD00EEB426 /* NSData.swift */ = {isa = PBXFileReference; fileEncoding = 4; lastKnownFileType = sourcecode.swift; path = NSData.swift; sourceTree = "<group>"; };
		F1DDF9891D3B7CA800EEB426 /* NSError.swift */ = {isa = PBXFileReference; fileEncoding = 4; lastKnownFileType = sourcecode.swift; path = NSError.swift; sourceTree = "<group>"; };
		F1DDF98B1D3BFE9E00EEB426 /* CloudKitGetDumpOperation.swift */ = {isa = PBXFileReference; fileEncoding = 4; lastKnownFileType = sourcecode.swift; path = CloudKitGetDumpOperation.swift; sourceTree = "<group>"; };
		F1E27A8A1D467D0600612196 /* Int.swift */ = {isa = PBXFileReference; fileEncoding = 4; lastKnownFileType = sourcecode.swift; path = Int.swift; sourceTree = "<group>"; };
		F1EB04351D384147004EEA56 /* Storyboard.swift */ = {isa = PBXFileReference; fileEncoding = 4; lastKnownFileType = sourcecode.swift; path = Storyboard.swift; sourceTree = "<group>"; };
		F1EB04371D3842EF004EEA56 /* AdminVC.swift */ = {isa = PBXFileReference; fileEncoding = 4; lastKnownFileType = sourcecode.swift; path = AdminVC.swift; sourceTree = "<group>"; };
		F1EB04391D3843C3004EEA56 /* CompetitorsVC.swift */ = {isa = PBXFileReference; fileEncoding = 4; lastKnownFileType = sourcecode.swift; path = CompetitorsVC.swift; sourceTree = "<group>"; };
		F1EB043C1D3845D8004EEA56 /* Images.swift */ = {isa = PBXFileReference; fileEncoding = 4; lastKnownFileType = sourcecode.swift; path = Images.swift; sourceTree = "<group>"; };
/* End PBXFileReference section */

/* Begin PBXFrameworksBuildPhase section */
		F17FA7BB1D336D46001B99AF /* Frameworks */ = {
			isa = PBXFrameworksBuildPhase;
			buildActionMask = 2147483647;
			files = (
				F1460D7F1D336EAB008F5ECF /* CloudKit.framework in Frameworks */,
				F6FBA6C9DB47563C577008A7 /* Pods_Points.framework in Frameworks */,
			);
			runOnlyForDeploymentPostprocessing = 0;
		};
		F1A75C461D33784C0070AAD8 /* Frameworks */ = {
			isa = PBXFrameworksBuildPhase;
			buildActionMask = 2147483647;
			files = (
				C17AD6A0282C0536F97F6721 /* Pods_cli.framework in Frameworks */,
			);
			runOnlyForDeploymentPostprocessing = 0;
		};
/* End PBXFrameworksBuildPhase section */

/* Begin PBXGroup section */
		06FA7DA2E13A69899DFA7A01 /* Pods */ = {
			isa = PBXGroup;
			children = (
				2F18B8706C993E3CF2A45991 /* Pods-Points.debug.xcconfig */,
				92FDCCA70C3E77232FDA9F24 /* Pods-Points.release.xcconfig */,
				268143C7AAFB78B856A05F1D /* Pods-cli.debug.xcconfig */,
				B9D07EEAA190B4FBE1F23E4F /* Pods-cli.release.xcconfig */,
			);
			name = Pods;
			sourceTree = "<group>";
		};
		8589C39D8C9FE8F84331BDE8 /* Frameworks */ = {
			isa = PBXGroup;
			children = (
				F1460D7E1D336EAB008F5ECF /* CloudKit.framework */,
				457A6E2B9397E7CFA99E9A52 /* Pods_Points.framework */,
				49CBE127983671DA00FB3F3A /* Pods_cli.framework */,
			);
			name = Frameworks;
			sourceTree = "<group>";
		};
		F17FA7B51D336D46001B99AF = {
			isa = PBXGroup;
			children = (
				F18C97F11D33913200C18052 /* Expecta.xcodeproj */,
				F17FA7C01D336D46001B99AF /* Points */,
				F1A75C4A1D33784C0070AAD8 /* cli */,
				F17FA7BF1D336D46001B99AF /* Products */,
				8589C39D8C9FE8F84331BDE8 /* Frameworks */,
				06FA7DA2E13A69899DFA7A01 /* Pods */,
			);
			sourceTree = "<group>";
		};
		F17FA7BF1D336D46001B99AF /* Products */ = {
			isa = PBXGroup;
			children = (
				F17FA7BE1D336D46001B99AF /* Points.app */,
				F1A75C491D33784C0070AAD8 /* cli */,
			);
			name = Products;
			sourceTree = "<group>";
		};
		F17FA7C01D336D46001B99AF /* Points */ = {
			isa = PBXGroup;
			children = (
				F17FA7E51D336DEE001B99AF /* Points.entitlements */,
				F17FA7C11D336D46001B99AF /* AppDelegate.swift */,
				F131A9F31D3D80BF00B82BB9 /* UIColor.swift */,
				F17FA7C31D336D46001B99AF /* ViewController.swift */,
				F17FA7D51D336D87001B99AF /* CloudKit.swift */,
				F1A75C591D337E810070AAD8 /* acompetitors.data */,
				F131A9F71D3D95E400B82BB9 /* TabBarController.swift */,
				F131A9F91D3D970100B82BB9 /* UIViewController.swift */,
				F17FA7D31D336D83001B99AF /* NSPredicate.swift */,
				F17FA7D71D336DB8001B99AF /* WSDC.swift */,
				F1DDF9741D39B6C800EEB426 /* Points.swift */,
				F17FA7D91D336DBE001B99AF /* WebService.swift */,
				F19512DD1D38833100EDC276 /* WSDCGetOperation.swift */,
				F131A9EA1D3CA0F700B82BB9 /* Notifier.swift */,
				F1DDF98B1D3BFE9E00EEB426 /* CloudKitGetDumpOperation.swift */,
				F19512F31D394CDB00EDC276 /* WSDCTransformOperation.swift */,
				F15CA92E1D3DFA4F00B69279 /* DancerVC.swift */,
				F1E27A8A1D467D0600612196 /* Int.swift */,
				F17762BA1D3FE59E00ACB9A7 /* ImportVC.swift */,
				F19512F01D38D6AB00EDC276 /* DumpVC.swift */,
				F1BB63131D3C1D2A00A1CC9D /* UITableView.swift */,
				F1DDF9801D3B1ECD00EEB426 /* NSData.swift */,
				F1DDF9891D3B7CA800EEB426 /* NSError.swift */,
				F19512E11D3899C100EDC276 /* Swift.swift */,
				F17FA7DB1D336DC3001B99AF /* JSON.swift */,
				F17FA7DD1D336DC8001B99AF /* Operation.swift */,
				F1EB043C1D3845D8004EEA56 /* Images.swift */,
				F17FA7DF1D336DCE001B99AF /* NSDate.swift */,
				F1BB63171D3C359E00A1CC9D /* NSURLRequest.swift */,
				F17FA7E11D336DD3001B99AF /* NSURL.swift */,
				F1A75C3E1D336F7E0070AAD8 /* amain.swift */,
				F17FA7E31D336DD7001B99AF /* NSMutableURLRequest.swift */,
				F17FA7C51D336D46001B99AF /* Main.storyboard */,
				F19512E71D38B4DC00EDC276 /* Storyboard.storyboard */,
				F19512E31D38B39E00EDC276 /* Realm */,
				F1EB04351D384147004EEA56 /* Storyboard.swift */,
				F17FA7C81D336D46001B99AF /* Assets.xcassets */,
				F18C97ED1D33906D00C18052 /* BZipCompression */,
				F1A9E0141D46B393001A80BF /* ITDAvatarPlaceholder */,
				F1EB04371D3842EF004EEA56 /* AdminVC.swift */,
				F1EB04391D3843C3004EEA56 /* CompetitorsVC.swift */,
				F15CA9251D3DF45E00B69279 /* String.swift */,
				F17FA7CA1D336D46001B99AF /* LaunchScreen.storyboard */,
				F17FA7CD1D336D46001B99AF /* Info.plist */,
				F1A75C421D3374670070AAD8 /* Points-Bridging-Header.h */,
				F1AB6D4E1D406AFB00642EAE /* Maps.swift */,
				F110AA861D4421EC008F603A /* UIView.swift */,
				F110AA8F1D4440F6008F603A /* UILabel.swift */,
				F17762D11D40290500ACB9A7 /* Spotlight.swift */,
				F17762CD1D3FFEAB00ACB9A7 /* ModalPresentationController.swift */,
				F17762CF1D3FFEED00ACB9A7 /* ModalAnimationController.swift */,
			);
			path = Points;
			sourceTree = "<group>";
		};
		F18C97EC1D338F9C00C18052 /* YSMessagePack */ = {
			isa = PBXGroup;
			children = (
				F18C97DE1D338F9700C18052 /* misc.swift */,
				F18C97DF1D338F9700C18052 /* NSDataCasters.swift */,
				F18C97E01D338F9700C18052 /* operators.swift */,
				F18C97E11D338F9700C18052 /* pack.swift */,
				F18C97E21D338F9700C18052 /* parse.swift */,
				F18C97E31D338F9700C18052 /* unpack.swift */,
				F18C97E41D338F9700C18052 /* YSMessagePack.swift */,
			);
			name = YSMessagePack;
			sourceTree = "<group>";
		};
		F18C97ED1D33906D00C18052 /* BZipCompression */ = {
			isa = PBXGroup;
			children = (
				F18C97EE1D33907700C18052 /* BZipCompression.h */,
				F18C97EF1D33907700C18052 /* BZipCompression.m */,
			);
			name = BZipCompression;
			path = ../cli;
			sourceTree = "<group>";
		};
		F18C97F21D33913200C18052 /* Products */ = {
			isa = PBXGroup;
			children = (
				F18C97FD1D33913200C18052 /* Expecta.framework */,
				F18C97FF1D33913200C18052 /* Expecta.framework */,
				F18C98011D33913200C18052 /* ExpectaTests.xctest */,
				F18C98031D33913200C18052 /* Expecta-iOSTests.xctest */,
				F18C98051D33913200C18052 /* libExpecta.a */,
				F18C98071D33913200C18052 /* libExpecta.a */,
				F18C98091D33913200C18052 /* libExpectaTests.xctest */,
				F18C980B1D33913200C18052 /* libExpecta-iOSTests.xctest */,
			);
			name = Products;
			sourceTree = "<group>";
		};
		F19512E31D38B39E00EDC276 /* Realm */ = {
			isa = PBXGroup;
			children = (
				F19512E41D38B3C200EDC276 /* Dump.swift */,
				F131A9FC1D3DC58C00B82BB9 /* Dancer.swift */,
				F131AA051D3DCB4E00B82BB9 /* Competition.swift */,
				F131AA071D3DD02800B82BB9 /* Event.swift */,
			);
			name = Realm;
			sourceTree = "<group>";
		};
		F1A75C4A1D33784C0070AAD8 /* cli */ = {
			isa = PBXGroup;
			children = (
				F1A75C4B1D33784C0070AAD8 /* main.swift */,
				F18C97EC1D338F9C00C18052 /* YSMessagePack */,
				F17EEB8D1D33862E00E51C3A /* cli-Bridging-Header.h */,
			);
			path = cli;
			sourceTree = "<group>";
		};
		F1A9E0141D46B393001A80BF /* ITDAvatarPlaceholder */ = {
			isa = PBXGroup;
			children = (
				F1A9E0151D46B393001A80BF /* Constant.swift */,
				F1A9E0161D46B393001A80BF /* String+ITDAvatarPlaceholder.swift */,
				F1A9E0171D46B393001A80BF /* UIColor+ITDAvatarPlaceholder.swift */,
				F1A9E0181D46B393001A80BF /* UIImage+ITDAvatarPlaceholder.swift */,
			);
			path = ITDAvatarPlaceholder;
			sourceTree = "<group>";
		};
/* End PBXGroup section */

/* Begin PBXNativeTarget section */
		F17FA7BD1D336D46001B99AF /* Points */ = {
			isa = PBXNativeTarget;
			buildConfigurationList = F17FA7D01D336D46001B99AF /* Build configuration list for PBXNativeTarget "Points" */;
			buildPhases = (
				D535098FAF99CBB8F5984813 /* [CP] Check Pods Manifest.lock */,
				F17FA7BA1D336D46001B99AF /* Sources */,
				F17FA7BB1D336D46001B99AF /* Frameworks */,
				F17FA7BC1D336D46001B99AF /* Resources */,
				72A1F198F288120290AE027F /* [CP] Embed Pods Frameworks */,
				F0769E8E8389FD908002D990 /* [CP] Copy Pods Resources */,
				F1EB043B1D384594004EEA56 /* Generate Swift Enums for Assets */,
			);
			buildRules = (
			);
			dependencies = (
			);
			name = Points;
			productName = Points;
			productReference = F17FA7BE1D336D46001B99AF /* Points.app */;
			productType = "com.apple.product-type.application";
		};
		F1A75C481D33784C0070AAD8 /* cli */ = {
			isa = PBXNativeTarget;
			buildConfigurationList = F1A75C4F1D33784C0070AAD8 /* Build configuration list for PBXNativeTarget "cli" */;
			buildPhases = (
				83F8845B88D070C89D47C5AA /* [CP] Check Pods Manifest.lock */,
				F1A75C451D33784C0070AAD8 /* Sources */,
				F1A75C461D33784C0070AAD8 /* Frameworks */,
				F1A75C471D33784C0070AAD8 /* CopyFiles */,
				0801E3672680485CF3C1C6CF /* [CP] Copy Pods Resources */,
			);
			buildRules = (
			);
			dependencies = (
				F18C98111D3392D700C18052 /* PBXTargetDependency */,
			);
			name = cli;
			productName = cli;
			productReference = F1A75C491D33784C0070AAD8 /* cli */;
			productType = "com.apple.product-type.tool";
		};
/* End PBXNativeTarget section */

/* Begin PBXProject section */
		F17FA7B61D336D46001B99AF /* Project object */ = {
			isa = PBXProject;
			attributes = {
				LastSwiftUpdateCheck = 0730;
				LastUpgradeCheck = 0730;
				ORGANIZATIONNAME = "Zombie Dolphin";
				TargetAttributes = {
					F17FA7BD1D336D46001B99AF = {
						CreatedOnToolsVersion = 7.3.1;
						DevelopmentTeam = 7PUJ92H664;
						SystemCapabilities = {
							com.apple.iCloud = {
								enabled = 1;
							};
						};
					};
					F1A75C481D33784C0070AAD8 = {
						CreatedOnToolsVersion = 7.3.1;
					};
				};
			};
			buildConfigurationList = F17FA7B91D336D46001B99AF /* Build configuration list for PBXProject "Points" */;
			compatibilityVersion = "Xcode 3.2";
			developmentRegion = English;
			hasScannedForEncodings = 0;
			knownRegions = (
				en,
				Base,
			);
			mainGroup = F17FA7B51D336D46001B99AF;
			productRefGroup = F17FA7BF1D336D46001B99AF /* Products */;
			projectDirPath = "";
			projectReferences = (
				{
					ProductGroup = F18C97F21D33913200C18052 /* Products */;
					ProjectRef = F18C97F11D33913200C18052 /* Expecta.xcodeproj */;
				},
			);
			projectRoot = "";
			targets = (
				F17FA7BD1D336D46001B99AF /* Points */,
				F1A75C481D33784C0070AAD8 /* cli */,
			);
		};
/* End PBXProject section */

/* Begin PBXReferenceProxy section */
		F18C97FD1D33913200C18052 /* Expecta.framework */ = {
			isa = PBXReferenceProxy;
			fileType = wrapper.framework;
			path = Expecta.framework;
			remoteRef = F18C97FC1D33913200C18052 /* PBXContainerItemProxy */;
			sourceTree = BUILT_PRODUCTS_DIR;
		};
		F18C97FF1D33913200C18052 /* Expecta.framework */ = {
			isa = PBXReferenceProxy;
			fileType = wrapper.framework;
			path = Expecta.framework;
			remoteRef = F18C97FE1D33913200C18052 /* PBXContainerItemProxy */;
			sourceTree = BUILT_PRODUCTS_DIR;
		};
		F18C98011D33913200C18052 /* ExpectaTests.xctest */ = {
			isa = PBXReferenceProxy;
			fileType = wrapper.cfbundle;
			path = ExpectaTests.xctest;
			remoteRef = F18C98001D33913200C18052 /* PBXContainerItemProxy */;
			sourceTree = BUILT_PRODUCTS_DIR;
		};
		F18C98031D33913200C18052 /* Expecta-iOSTests.xctest */ = {
			isa = PBXReferenceProxy;
			fileType = wrapper.cfbundle;
			path = "Expecta-iOSTests.xctest";
			remoteRef = F18C98021D33913200C18052 /* PBXContainerItemProxy */;
			sourceTree = BUILT_PRODUCTS_DIR;
		};
		F18C98051D33913200C18052 /* libExpecta.a */ = {
			isa = PBXReferenceProxy;
			fileType = archive.ar;
			path = libExpecta.a;
			remoteRef = F18C98041D33913200C18052 /* PBXContainerItemProxy */;
			sourceTree = BUILT_PRODUCTS_DIR;
		};
		F18C98071D33913200C18052 /* libExpecta.a */ = {
			isa = PBXReferenceProxy;
			fileType = archive.ar;
			path = libExpecta.a;
			remoteRef = F18C98061D33913200C18052 /* PBXContainerItemProxy */;
			sourceTree = BUILT_PRODUCTS_DIR;
		};
		F18C98091D33913200C18052 /* libExpectaTests.xctest */ = {
			isa = PBXReferenceProxy;
			fileType = wrapper.cfbundle;
			path = libExpectaTests.xctest;
			remoteRef = F18C98081D33913200C18052 /* PBXContainerItemProxy */;
			sourceTree = BUILT_PRODUCTS_DIR;
		};
		F18C980B1D33913200C18052 /* libExpecta-iOSTests.xctest */ = {
			isa = PBXReferenceProxy;
			fileType = wrapper.cfbundle;
			path = "libExpecta-iOSTests.xctest";
			remoteRef = F18C980A1D33913200C18052 /* PBXContainerItemProxy */;
			sourceTree = BUILT_PRODUCTS_DIR;
		};
/* End PBXReferenceProxy section */

/* Begin PBXResourcesBuildPhase section */
		F17FA7BC1D336D46001B99AF /* Resources */ = {
			isa = PBXResourcesBuildPhase;
			buildActionMask = 2147483647;
			files = (
				F17FA7CC1D336D46001B99AF /* LaunchScreen.storyboard in Resources */,
				F17FA7C91D336D46001B99AF /* Assets.xcassets in Resources */,
				F17FA7C71D336D46001B99AF /* Main.storyboard in Resources */,
				F1A75C5A1D337E810070AAD8 /* acompetitors.data in Resources */,
				F19512E81D38B4DD00EDC276 /* Storyboard.storyboard in Resources */,
			);
			runOnlyForDeploymentPostprocessing = 0;
		};
/* End PBXResourcesBuildPhase section */

/* Begin PBXShellScriptBuildPhase section */
		0801E3672680485CF3C1C6CF /* [CP] Copy Pods Resources */ = {
			isa = PBXShellScriptBuildPhase;
			buildActionMask = 2147483647;
			files = (
			);
			inputPaths = (
			);
			name = "[CP] Copy Pods Resources";
			outputPaths = (
			);
			runOnlyForDeploymentPostprocessing = 0;
			shellPath = /bin/sh;
			shellScript = "\"${SRCROOT}/Pods/Target Support Files/Pods-cli/Pods-cli-resources.sh\"\n";
			showEnvVarsInLog = 0;
		};
		72A1F198F288120290AE027F /* [CP] Embed Pods Frameworks */ = {
			isa = PBXShellScriptBuildPhase;
			buildActionMask = 2147483647;
			files = (
			);
			inputPaths = (
			);
			name = "[CP] Embed Pods Frameworks";
			outputPaths = (
			);
			runOnlyForDeploymentPostprocessing = 0;
			shellPath = /bin/sh;
			shellScript = "\"${SRCROOT}/Pods/Target Support Files/Pods-Points/Pods-Points-frameworks.sh\"\n";
			showEnvVarsInLog = 0;
		};
		83F8845B88D070C89D47C5AA /* [CP] Check Pods Manifest.lock */ = {
			isa = PBXShellScriptBuildPhase;
			buildActionMask = 2147483647;
			files = (
			);
			inputPaths = (
			);
			name = "[CP] Check Pods Manifest.lock";
			outputPaths = (
			);
			runOnlyForDeploymentPostprocessing = 0;
			shellPath = /bin/sh;
			shellScript = "diff \"${PODS_ROOT}/../Podfile.lock\" \"${PODS_ROOT}/Manifest.lock\" > /dev/null\nif [[ $? != 0 ]] ; then\n    cat << EOM\nerror: The sandbox is not in sync with the Podfile.lock. Run 'pod install' or update your CocoaPods installation.\nEOM\n    exit 1\nfi\n";
			showEnvVarsInLog = 0;
		};
		D535098FAF99CBB8F5984813 /* [CP] Check Pods Manifest.lock */ = {
			isa = PBXShellScriptBuildPhase;
			buildActionMask = 2147483647;
			files = (
			);
			inputPaths = (
			);
			name = "[CP] Check Pods Manifest.lock";
			outputPaths = (
			);
			runOnlyForDeploymentPostprocessing = 0;
			shellPath = /bin/sh;
			shellScript = "diff \"${PODS_ROOT}/../Podfile.lock\" \"${PODS_ROOT}/Manifest.lock\" > /dev/null\nif [[ $? != 0 ]] ; then\n    cat << EOM\nerror: The sandbox is not in sync with the Podfile.lock. Run 'pod install' or update your CocoaPods installation.\nEOM\n    exit 1\nfi\n";
			showEnvVarsInLog = 0;
		};
		F0769E8E8389FD908002D990 /* [CP] Copy Pods Resources */ = {
			isa = PBXShellScriptBuildPhase;
			buildActionMask = 2147483647;
			files = (
			);
			inputPaths = (
			);
			name = "[CP] Copy Pods Resources";
			outputPaths = (
			);
			runOnlyForDeploymentPostprocessing = 0;
			shellPath = /bin/sh;
			shellScript = "\"${SRCROOT}/Pods/Target Support Files/Pods-Points/Pods-Points-resources.sh\"\n";
			showEnvVarsInLog = 0;
		};
		F1EB043B1D384594004EEA56 /* Generate Swift Enums for Assets */ = {
			isa = PBXShellScriptBuildPhase;
			buildActionMask = 2147483647;
			files = (
			);
			inputPaths = (
			);
			name = "Generate Swift Enums for Assets";
			outputPaths = (
			);
			runOnlyForDeploymentPostprocessing = 0;
			shellPath = /bin/sh;
			shellScript = "if which swiftgen >/dev/null; then\nswiftgen images \"$PROJECT_DIR\" --output \"$PROJECT_DIR/$PROJECT/Images.swift\"\nelse\necho \"warning: SwiftGen not installed, download it from https://github.com/AliSoftware/SwiftGen\"\nfi";
		};
/* End PBXShellScriptBuildPhase section */

/* Begin PBXSourcesBuildPhase section */
		F17FA7BA1D336D46001B99AF /* Sources */ = {
			isa = PBXSourcesBuildPhase;
			buildActionMask = 2147483647;
			files = (
				F1EB04381D3842EF004EEA56 /* AdminVC.swift in Sources */,
				F131A9F81D3D95E400B82BB9 /* TabBarController.swift in Sources */,
				F1A9E0191D46B393001A80BF /* Constant.swift in Sources */,
				F1A9E01A1D46B393001A80BF /* String+ITDAvatarPlaceholder.swift in Sources */,
				F1DDF98C1D3BFE9E00EEB426 /* CloudKitGetDumpOperation.swift in Sources */,
				F17FA7E21D336DD3001B99AF /* NSURL.swift in Sources */,
				F1A9E01B1D46B393001A80BF /* UIColor+ITDAvatarPlaceholder.swift in Sources */,
				F17FA7DA1D336DBE001B99AF /* WebService.swift in Sources */,
				F19512E21D3899C100EDC276 /* Swift.swift in Sources */,
				F1DDF9811D3B1ECD00EEB426 /* NSData.swift in Sources */,
				F19512DE1D38833100EDC276 /* WSDCGetOperation.swift in Sources */,
				F1A75C3F1D336F7E0070AAD8 /* amain.swift in Sources */,
				F1DDF9751D39B6C800EEB426 /* Points.swift in Sources */,
				F19512E51D38B3C200EDC276 /* Dump.swift in Sources */,
				F17FA7DC1D336DC3001B99AF /* JSON.swift in Sources */,
				F17762D21D40290500ACB9A7 /* Spotlight.swift in Sources */,
				F1EB04361D384147004EEA56 /* Storyboard.swift in Sources */,
				F17762D01D3FFEED00ACB9A7 /* ModalAnimationController.swift in Sources */,
				F1EB043A1D3843C3004EEA56 /* CompetitorsVC.swift in Sources */,
				F110AA871D4421EC008F603A /* UIView.swift in Sources */,
				F131A9FD1D3DC58C00B82BB9 /* Dancer.swift in Sources */,
				F131A9FA1D3D970100B82BB9 /* UIViewController.swift in Sources */,
				F1BB63141D3C1D2A00A1CC9D /* UITableView.swift in Sources */,
				F19512F11D38D6AB00EDC276 /* DumpVC.swift in Sources */,
				F17FA7D61D336D87001B99AF /* CloudKit.swift in Sources */,
				F17FA7DE1D336DC8001B99AF /* Operation.swift in Sources */,
				F17FA7E01D336DCE001B99AF /* NSDate.swift in Sources */,
				F17FA7E41D336DD7001B99AF /* NSMutableURLRequest.swift in Sources */,
				F19512F41D394CDB00EDC276 /* WSDCTransformOperation.swift in Sources */,
				F17FA7C41D336D46001B99AF /* ViewController.swift in Sources */,
				F17762BB1D3FE59E00ACB9A7 /* ImportVC.swift in Sources */,
				F131A9F41D3D80C000B82BB9 /* UIColor.swift in Sources */,
				F19512DF1D38880600EDC276 /* BZipCompression.h in Sources */,
				F131AA061D3DCB4E00B82BB9 /* Competition.swift in Sources */,
				F15CA92F1D3DFA4F00B69279 /* DancerVC.swift in Sources */,
				F1AB6D4F1D406AFB00642EAE /* Maps.swift in Sources */,
				F1A9E01C1D46B393001A80BF /* UIImage+ITDAvatarPlaceholder.swift in Sources */,
				F15CA9261D3DF45E00B69279 /* String.swift in Sources */,
				F19512E01D38880600EDC276 /* BZipCompression.m in Sources */,
				F131AA081D3DD02800B82BB9 /* Event.swift in Sources */,
				F1DDF98A1D3B7CA800EEB426 /* NSError.swift in Sources */,
				F17762CE1D3FFEAB00ACB9A7 /* ModalPresentationController.swift in Sources */,
				F17FA7C21D336D46001B99AF /* AppDelegate.swift in Sources */,
				F131A9EB1D3CA0F700B82BB9 /* Notifier.swift in Sources */,
				F110AA901D4440F6008F603A /* UILabel.swift in Sources */,
				F1E27A8B1D467D0600612196 /* Int.swift in Sources */,
				F1EB043D1D3845D8004EEA56 /* Images.swift in Sources */,
				F17FA7D81D336DB8001B99AF /* WSDC.swift in Sources */,
				F17FA7D41D336D83001B99AF /* NSPredicate.swift in Sources */,
				F1BB63181D3C359E00A1CC9D /* NSURLRequest.swift in Sources */,
			);
			runOnlyForDeploymentPostprocessing = 0;
		};
		F1A75C451D33784C0070AAD8 /* Sources */ = {
			isa = PBXSourcesBuildPhase;
			buildActionMask = 2147483647;
			files = (
				F1A75C501D3378760070AAD8 /* WSDC.swift in Sources */,
				F18C97EA1D338F9700C18052 /* unpack.swift in Sources */,
				F1A75C4C1D33784C0070AAD8 /* main.swift in Sources */,
				F18C97F01D33907700C18052 /* BZipCompression.m in Sources */,
				F1A75C551D3378970070AAD8 /* WebService.swift in Sources */,
				F18C97E51D338F9700C18052 /* misc.swift in Sources */,
				F1A75C561D33789E0070AAD8 /* NSMutableURLRequest.swift in Sources */,
				F18C98121D33983900C18052 /* NSPredicate.swift in Sources */,
				F18C97EB1D338F9700C18052 /* YSMessagePack.swift in Sources */,
				F1A75C511D3378760070AAD8 /* Operation.swift in Sources */,
				F18C97E61D338F9700C18052 /* NSDataCasters.swift in Sources */,
				F1A75C521D33787C0070AAD8 /* JSON.swift in Sources */,
				F18C97E81D338F9700C18052 /* pack.swift in Sources */,
				F1A75C541D3378900070AAD8 /* CloudKit.swift in Sources */,
				F18C97E71D338F9700C18052 /* operators.swift in Sources */,
				F18C97E91D338F9700C18052 /* parse.swift in Sources */,
				F1A75C531D3378830070AAD8 /* NSDate.swift in Sources */,
			);
			runOnlyForDeploymentPostprocessing = 0;
		};
/* End PBXSourcesBuildPhase section */

/* Begin PBXTargetDependency section */
		F18C98111D3392D700C18052 /* PBXTargetDependency */ = {
			isa = PBXTargetDependency;
			name = Expecta;
			targetProxy = F18C98101D3392D700C18052 /* PBXContainerItemProxy */;
		};
/* End PBXTargetDependency section */

/* Begin PBXVariantGroup section */
		F17FA7C51D336D46001B99AF /* Main.storyboard */ = {
			isa = PBXVariantGroup;
			children = (
				F17FA7C61D336D46001B99AF /* Base */,
			);
			name = Main.storyboard;
			sourceTree = "<group>";
		};
		F17FA7CA1D336D46001B99AF /* LaunchScreen.storyboard */ = {
			isa = PBXVariantGroup;
			children = (
				F17FA7CB1D336D46001B99AF /* Base */,
			);
			name = LaunchScreen.storyboard;
			sourceTree = "<group>";
		};
/* End PBXVariantGroup section */

/* Begin XCBuildConfiguration section */
		F17FA7CE1D336D46001B99AF /* Debug */ = {
			isa = XCBuildConfiguration;
			buildSettings = {
				ALWAYS_SEARCH_USER_PATHS = NO;
				CLANG_ANALYZER_NONNULL = YES;
				CLANG_CXX_LANGUAGE_STANDARD = "gnu++0x";
				CLANG_CXX_LIBRARY = "libc++";
				CLANG_ENABLE_MODULES = YES;
				CLANG_ENABLE_OBJC_ARC = YES;
				CLANG_WARN_BOOL_CONVERSION = YES;
				CLANG_WARN_CONSTANT_CONVERSION = YES;
				CLANG_WARN_DIRECT_OBJC_ISA_USAGE = YES_ERROR;
				CLANG_WARN_EMPTY_BODY = YES;
				CLANG_WARN_ENUM_CONVERSION = YES;
				CLANG_WARN_INT_CONVERSION = YES;
				CLANG_WARN_OBJC_ROOT_CLASS = YES_ERROR;
				CLANG_WARN_UNREACHABLE_CODE = YES;
				CLANG_WARN__DUPLICATE_METHOD_MATCH = YES;
				COPY_PHASE_STRIP = NO;
				DEBUG_INFORMATION_FORMAT = dwarf;
				ENABLE_STRICT_OBJC_MSGSEND = YES;
				ENABLE_TESTABILITY = YES;
				GCC_C_LANGUAGE_STANDARD = gnu99;
				GCC_DYNAMIC_NO_PIC = NO;
				GCC_NO_COMMON_BLOCKS = YES;
				GCC_OPTIMIZATION_LEVEL = 0;
				GCC_PREPROCESSOR_DEFINITIONS = (
					"DEBUG=1",
					"$(inherited)",
				);
				GCC_WARN_64_TO_32_BIT_CONVERSION = YES;
				GCC_WARN_ABOUT_RETURN_TYPE = YES_ERROR;
				GCC_WARN_UNDECLARED_SELECTOR = YES;
				GCC_WARN_UNINITIALIZED_AUTOS = YES_AGGRESSIVE;
				GCC_WARN_UNUSED_FUNCTION = YES;
				GCC_WARN_UNUSED_VARIABLE = YES;
				IPHONEOS_DEPLOYMENT_TARGET = 9.3;
				MACOSX_DEPLOYMENT_TARGET = 10.11;
				MTL_ENABLE_DEBUG_INFO = YES;
				ONLY_ACTIVE_ARCH = YES;
				OTHER_LDFLAGS = (
					"-lbz2",
					"-lz",
				);
				SDKROOT = iphoneos;
				SWIFT_OPTIMIZATION_LEVEL = "-Onone";
				TARGETED_DEVICE_FAMILY = "1,2";
			};
			name = Debug;
		};
		F17FA7CF1D336D46001B99AF /* Release */ = {
			isa = XCBuildConfiguration;
			buildSettings = {
				ALWAYS_SEARCH_USER_PATHS = NO;
				CLANG_ANALYZER_NONNULL = YES;
				CLANG_CXX_LANGUAGE_STANDARD = "gnu++0x";
				CLANG_CXX_LIBRARY = "libc++";
				CLANG_ENABLE_MODULES = YES;
				CLANG_ENABLE_OBJC_ARC = YES;
				CLANG_WARN_BOOL_CONVERSION = YES;
				CLANG_WARN_CONSTANT_CONVERSION = YES;
				CLANG_WARN_DIRECT_OBJC_ISA_USAGE = YES_ERROR;
				CLANG_WARN_EMPTY_BODY = YES;
				CLANG_WARN_ENUM_CONVERSION = YES;
				CLANG_WARN_INT_CONVERSION = YES;
				CLANG_WARN_OBJC_ROOT_CLASS = YES_ERROR;
				CLANG_WARN_UNREACHABLE_CODE = YES;
				CLANG_WARN__DUPLICATE_METHOD_MATCH = YES;
				COPY_PHASE_STRIP = NO;
				DEBUG_INFORMATION_FORMAT = "dwarf-with-dsym";
				ENABLE_NS_ASSERTIONS = NO;
				ENABLE_STRICT_OBJC_MSGSEND = YES;
				GCC_C_LANGUAGE_STANDARD = gnu99;
				GCC_NO_COMMON_BLOCKS = YES;
				GCC_WARN_64_TO_32_BIT_CONVERSION = YES;
				GCC_WARN_ABOUT_RETURN_TYPE = YES_ERROR;
				GCC_WARN_UNDECLARED_SELECTOR = YES;
				GCC_WARN_UNINITIALIZED_AUTOS = YES_AGGRESSIVE;
				GCC_WARN_UNUSED_FUNCTION = YES;
				GCC_WARN_UNUSED_VARIABLE = YES;
				IPHONEOS_DEPLOYMENT_TARGET = 9.3;
				MACOSX_DEPLOYMENT_TARGET = 10.11;
				MTL_ENABLE_DEBUG_INFO = NO;
				OTHER_LDFLAGS = (
					"-lbz2",
					"-lz",
				);
				SDKROOT = iphoneos;
				TARGETED_DEVICE_FAMILY = "1,2";
				VALIDATE_PRODUCT = YES;
			};
			name = Release;
		};
		F17FA7D11D336D46001B99AF /* Debug */ = {
			isa = XCBuildConfiguration;
			baseConfigurationReference = 2F18B8706C993E3CF2A45991 /* Pods-Points.debug.xcconfig */;
			buildSettings = {
				ASSETCATALOG_COMPILER_APPICON_NAME = AppIcon;
				CLANG_ENABLE_MODULES = YES;
				CODE_SIGN_ENTITLEMENTS = Points/Points.entitlements;
				CODE_SIGN_IDENTITY = "iPhone Developer";
				INFOPLIST_FILE = Points/Info.plist;
				LD_RUNPATH_SEARCH_PATHS = "$(inherited) @executable_path/Frameworks";
				PRODUCT_BUNDLE_IDENTIFIER = com.zombiedolphin.Points;
				PRODUCT_NAME = "$(TARGET_NAME)";
				SWIFT_OBJC_BRIDGING_HEADER = "Points/Points-Bridging-Header.h";
				SWIFT_OPTIMIZATION_LEVEL = "-Onone";
			};
			name = Debug;
		};
		F17FA7D21D336D46001B99AF /* Release */ = {
			isa = XCBuildConfiguration;
			baseConfigurationReference = 92FDCCA70C3E77232FDA9F24 /* Pods-Points.release.xcconfig */;
			buildSettings = {
				ASSETCATALOG_COMPILER_APPICON_NAME = AppIcon;
				CLANG_ENABLE_MODULES = YES;
				CODE_SIGN_ENTITLEMENTS = Points/Points.entitlements;
				INFOPLIST_FILE = Points/Info.plist;
				LD_RUNPATH_SEARCH_PATHS = "$(inherited) @executable_path/Frameworks";
				PRODUCT_BUNDLE_IDENTIFIER = com.zombiedolphin.Points;
				PRODUCT_NAME = "$(TARGET_NAME)";
				SWIFT_OBJC_BRIDGING_HEADER = "Points/Points-Bridging-Header.h";
			};
			name = Release;
		};
		F1A75C4D1D33784C0070AAD8 /* Debug */ = {
			isa = XCBuildConfiguration;
			baseConfigurationReference = 268143C7AAFB78B856A05F1D /* Pods-cli.debug.xcconfig */;
			buildSettings = {
				CLANG_ENABLE_MODULES = YES;
				CODE_SIGN_IDENTITY = "Mac Developer: Glen Hinkle (FKF3USZV4Y)";
				INFOPLIST_FILE = Points/Info.plist;
				LD_RUNPATH_SEARCH_PATHS = "$(inherited) @executable_path/../Frameworks @loader_path/../Frameworks";
				MACOSX_DEPLOYMENT_TARGET = 10.11;
				OTHER_LDFLAGS = (
					"-lz",
					"-lbz2",
				);
				PRODUCT_BUNDLE_IDENTIFIER = com.zombiedolphin.Points;
				PRODUCT_NAME = "$(TARGET_NAME)";
				SDKROOT = macosx;
				SWIFT_OBJC_BRIDGING_HEADER = "cli/cli-Bridging-Header.h";
				SWIFT_OPTIMIZATION_LEVEL = "-Onone";
			};
			name = Debug;
		};
		F1A75C4E1D33784C0070AAD8 /* Release */ = {
			isa = XCBuildConfiguration;
			baseConfigurationReference = B9D07EEAA190B4FBE1F23E4F /* Pods-cli.release.xcconfig */;
			buildSettings = {
				CLANG_ENABLE_MODULES = YES;
				INFOPLIST_FILE = Points/Info.plist;
				LD_RUNPATH_SEARCH_PATHS = "$(inherited) @executable_path/../Frameworks @loader_path/../Frameworks";
				MACOSX_DEPLOYMENT_TARGET = 10.11;
				OTHER_LDFLAGS = (
					"-lz",
					"-lbz2",
				);
				PRODUCT_BUNDLE_IDENTIFIER = com.zombiedolphin.Points;
				PRODUCT_NAME = "$(TARGET_NAME)";
				SDKROOT = macosx;
				SWIFT_OBJC_BRIDGING_HEADER = "cli/cli-Bridging-Header.h";
			};
			name = Release;
		};
/* End XCBuildConfiguration section */

/* Begin XCConfigurationList section */
		F17FA7B91D336D46001B99AF /* Build configuration list for PBXProject "Points" */ = {
			isa = XCConfigurationList;
			buildConfigurations = (
				F17FA7CE1D336D46001B99AF /* Debug */,
				F17FA7CF1D336D46001B99AF /* Release */,
			);
			defaultConfigurationIsVisible = 0;
			defaultConfigurationName = Release;
		};
		F17FA7D01D336D46001B99AF /* Build configuration list for PBXNativeTarget "Points" */ = {
			isa = XCConfigurationList;
			buildConfigurations = (
				F17FA7D11D336D46001B99AF /* Debug */,
				F17FA7D21D336D46001B99AF /* Release */,
			);
			defaultConfigurationIsVisible = 0;
			defaultConfigurationName = Release;
		};
		F1A75C4F1D33784C0070AAD8 /* Build configuration list for PBXNativeTarget "cli" */ = {
			isa = XCConfigurationList;
			buildConfigurations = (
				F1A75C4D1D33784C0070AAD8 /* Debug */,
				F1A75C4E1D33784C0070AAD8 /* Release */,
			);
			defaultConfigurationIsVisible = 0;
			defaultConfigurationName = Release;
		};
/* End XCConfigurationList section */
	};
	rootObject = F17FA7B61D336D46001B99AF /* Project object */;
}
